// !$*UTF8*$!
{
	archiveVersion = 1;
	classes = {
	};
	objectVersion = 51;
	objects = {

/* Begin PBXBuildFile section */
		6EAB10640ED93B22A9E91625 /* Pods_MobileProject_MVVMTests.framework in Frameworks */ = {isa = PBXBuildFile; fileRef = 85148266A4891FCA9AEA8D51 /* Pods_MobileProject_MVVMTests.framework */; };
		BE1627E8608D72321F09EEFE /* Pods_MobileProject_MVVM.framework in Frameworks */ = {isa = PBXBuildFile; fileRef = E818F0E662A2A576920148DD /* Pods_MobileProject_MVVM.framework */; };
		BFB1E14E24AA712000D1E6DA /* AppDelegate.swift in Sources */ = {isa = PBXBuildFile; fileRef = BFB1E14D24AA712000D1E6DA /* AppDelegate.swift */; };
		BFB1E15024AA712000D1E6DA /* SceneDelegate.swift in Sources */ = {isa = PBXBuildFile; fileRef = BFB1E14F24AA712000D1E6DA /* SceneDelegate.swift */; };
		BFB1E15224AA712000D1E6DA /* RootViewController.swift in Sources */ = {isa = PBXBuildFile; fileRef = BFB1E15124AA712000D1E6DA /* RootViewController.swift */; };
		BFB1E15724AA712300D1E6DA /* Assets.xcassets in Resources */ = {isa = PBXBuildFile; fileRef = BFB1E15624AA712300D1E6DA /* Assets.xcassets */; };
		BFB1E16524AA712300D1E6DA /* MobileProject_MVVMTests.swift in Sources */ = {isa = PBXBuildFile; fileRef = BFB1E16424AA712300D1E6DA /* MobileProject_MVVMTests.swift */; };
		BFB1E17024AA712300D1E6DA /* MobileProject_MVVMUITests.swift in Sources */ = {isa = PBXBuildFile; fileRef = BFB1E16F24AA712300D1E6DA /* MobileProject_MVVMUITests.swift */; };
		BFB1E18224AA727F00D1E6DA /* DataModel.swift in Sources */ = {isa = PBXBuildFile; fileRef = BFB1E18124AA727F00D1E6DA /* DataModel.swift */; };
		BFB1E18424AA729800D1E6DA /* DataViewModel.swift in Sources */ = {isa = PBXBuildFile; fileRef = BFB1E18324AA729800D1E6DA /* DataViewModel.swift */; };
		BFB1E18624AA72EF00D1E6DA /* DataDetailsViewController.swift in Sources */ = {isa = PBXBuildFile; fileRef = BFB1E18524AA72EF00D1E6DA /* DataDetailsViewController.swift */; };
		BFB1E18824AA730000D1E6DA /* DataTableViewCell.swift in Sources */ = {isa = PBXBuildFile; fileRef = BFB1E18724AA730000D1E6DA /* DataTableViewCell.swift */; };
		BFB1E18C24AA739F00D1E6DA /* APIService.swift in Sources */ = {isa = PBXBuildFile; fileRef = BFB1E18B24AA739F00D1E6DA /* APIService.swift */; };
		BFB1E18E24AA73AB00D1E6DA /* Constants.swift in Sources */ = {isa = PBXBuildFile; fileRef = BFB1E18D24AA73AB00D1E6DA /* Constants.swift */; };
		BFB1E19024AA73D000D1E6DA /* Extensions.swift in Sources */ = {isa = PBXBuildFile; fileRef = BFB1E18F24AA73D000D1E6DA /* Extensions.swift */; };
		BFC7840124BB3B1A00D27FCA /* ImageDataTableViewCell.swift in Sources */ = {isa = PBXBuildFile; fileRef = BFC7840024BB3B1A00D27FCA /* ImageDataTableViewCell.swift */; };
		C16922E124AB884700DC9E2A /* ImageDetailsViewController.swift in Sources */ = {isa = PBXBuildFile; fileRef = C16922E024AB884700DC9E2A /* ImageDetailsViewController.swift */; };
		C16922E624AB8FA500DC9E2A /* RealmManager.swift in Sources */ = {isa = PBXBuildFile; fileRef = C16922E524AB8FA500DC9E2A /* RealmManager.swift */; };
		ED5D3B9D84896D34FEB4CC57 /* Pods_MobileProject_MVVM_MobileProject_MVVMUITests.framework in Frameworks */ = {isa = PBXBuildFile; fileRef = 503B0886821DAF49477A09AD /* Pods_MobileProject_MVVM_MobileProject_MVVMUITests.framework */; };
/* End PBXBuildFile section */

/* Begin PBXContainerItemProxy section */
		BFB1E16124AA712300D1E6DA /* PBXContainerItemProxy */ = {
			isa = PBXContainerItemProxy;
			containerPortal = BFB1E14224AA712000D1E6DA /* Project object */;
			proxyType = 1;
			remoteGlobalIDString = BFB1E14924AA712000D1E6DA;
			remoteInfo = "MobileProject-MVVM";
		};
		BFB1E16C24AA712300D1E6DA /* PBXContainerItemProxy */ = {
			isa = PBXContainerItemProxy;
			containerPortal = BFB1E14224AA712000D1E6DA /* Project object */;
			proxyType = 1;
			remoteGlobalIDString = BFB1E14924AA712000D1E6DA;
			remoteInfo = "MobileProject-MVVM";
		};
/* End PBXContainerItemProxy section */

/* Begin PBXFileReference section */
		10365B83CB805D687225C8A3 /* Pods-MobileProject-MVVMTests.release.xcconfig */ = {isa = PBXFileReference; includeInIndex = 1; lastKnownFileType = text.xcconfig; name = "Pods-MobileProject-MVVMTests.release.xcconfig"; path = "Target Support Files/Pods-MobileProject-MVVMTests/Pods-MobileProject-MVVMTests.release.xcconfig"; sourceTree = "<group>"; };
		1064DE351B6D1656A511A075 /* Pods-MobileProject-MVVM-MobileProject-MVVMUITests.debug.xcconfig */ = {isa = PBXFileReference; includeInIndex = 1; lastKnownFileType = text.xcconfig; name = "Pods-MobileProject-MVVM-MobileProject-MVVMUITests.debug.xcconfig"; path = "Target Support Files/Pods-MobileProject-MVVM-MobileProject-MVVMUITests/Pods-MobileProject-MVVM-MobileProject-MVVMUITests.debug.xcconfig"; sourceTree = "<group>"; };
		503B0886821DAF49477A09AD /* Pods_MobileProject_MVVM_MobileProject_MVVMUITests.framework */ = {isa = PBXFileReference; explicitFileType = wrapper.framework; includeInIndex = 0; path = Pods_MobileProject_MVVM_MobileProject_MVVMUITests.framework; sourceTree = BUILT_PRODUCTS_DIR; };
		7BC3D4DA623D106C3C947760 /* Pods-MobileProject-MVVMTests.debug.xcconfig */ = {isa = PBXFileReference; includeInIndex = 1; lastKnownFileType = text.xcconfig; name = "Pods-MobileProject-MVVMTests.debug.xcconfig"; path = "Target Support Files/Pods-MobileProject-MVVMTests/Pods-MobileProject-MVVMTests.debug.xcconfig"; sourceTree = "<group>"; };
		85148266A4891FCA9AEA8D51 /* Pods_MobileProject_MVVMTests.framework */ = {isa = PBXFileReference; explicitFileType = wrapper.framework; includeInIndex = 0; path = Pods_MobileProject_MVVMTests.framework; sourceTree = BUILT_PRODUCTS_DIR; };
		AA0E4CBD8C38E8C735D8FBF8 /* Pods-MobileProject-MVVM.release.xcconfig */ = {isa = PBXFileReference; includeInIndex = 1; lastKnownFileType = text.xcconfig; name = "Pods-MobileProject-MVVM.release.xcconfig"; path = "Target Support Files/Pods-MobileProject-MVVM/Pods-MobileProject-MVVM.release.xcconfig"; sourceTree = "<group>"; };
		BFB1E14A24AA712000D1E6DA /* MobileProject-MVVM.app */ = {isa = PBXFileReference; explicitFileType = wrapper.application; includeInIndex = 0; path = "MobileProject-MVVM.app"; sourceTree = BUILT_PRODUCTS_DIR; };
		BFB1E14D24AA712000D1E6DA /* AppDelegate.swift */ = {isa = PBXFileReference; lastKnownFileType = sourcecode.swift; path = AppDelegate.swift; sourceTree = "<group>"; };
		BFB1E14F24AA712000D1E6DA /* SceneDelegate.swift */ = {isa = PBXFileReference; lastKnownFileType = sourcecode.swift; path = SceneDelegate.swift; sourceTree = "<group>"; };
		BFB1E15124AA712000D1E6DA /* RootViewController.swift */ = {isa = PBXFileReference; lastKnownFileType = sourcecode.swift; path = RootViewController.swift; sourceTree = "<group>"; };
		BFB1E15624AA712300D1E6DA /* Assets.xcassets */ = {isa = PBXFileReference; lastKnownFileType = folder.assetcatalog; path = Assets.xcassets; sourceTree = "<group>"; };
		BFB1E15B24AA712300D1E6DA /* Info.plist */ = {isa = PBXFileReference; lastKnownFileType = text.plist.xml; path = Info.plist; sourceTree = "<group>"; };
		BFB1E16024AA712300D1E6DA /* MobileProject-MVVMTests.xctest */ = {isa = PBXFileReference; explicitFileType = wrapper.cfbundle; includeInIndex = 0; path = "MobileProject-MVVMTests.xctest"; sourceTree = BUILT_PRODUCTS_DIR; };
		BFB1E16424AA712300D1E6DA /* MobileProject_MVVMTests.swift */ = {isa = PBXFileReference; lastKnownFileType = sourcecode.swift; path = MobileProject_MVVMTests.swift; sourceTree = "<group>"; };
		BFB1E16624AA712300D1E6DA /* Info.plist */ = {isa = PBXFileReference; lastKnownFileType = text.plist.xml; path = Info.plist; sourceTree = "<group>"; };
		BFB1E16B24AA712300D1E6DA /* MobileProject-MVVMUITests.xctest */ = {isa = PBXFileReference; explicitFileType = wrapper.cfbundle; includeInIndex = 0; path = "MobileProject-MVVMUITests.xctest"; sourceTree = BUILT_PRODUCTS_DIR; };
		BFB1E16F24AA712300D1E6DA /* MobileProject_MVVMUITests.swift */ = {isa = PBXFileReference; lastKnownFileType = sourcecode.swift; path = MobileProject_MVVMUITests.swift; sourceTree = "<group>"; };
		BFB1E17124AA712300D1E6DA /* Info.plist */ = {isa = PBXFileReference; lastKnownFileType = text.plist.xml; path = Info.plist; sourceTree = "<group>"; };
		BFB1E18124AA727F00D1E6DA /* DataModel.swift */ = {isa = PBXFileReference; lastKnownFileType = sourcecode.swift; path = DataModel.swift; sourceTree = "<group>"; };
		BFB1E18324AA729800D1E6DA /* DataViewModel.swift */ = {isa = PBXFileReference; lastKnownFileType = sourcecode.swift; path = DataViewModel.swift; sourceTree = "<group>"; };
		BFB1E18524AA72EF00D1E6DA /* DataDetailsViewController.swift */ = {isa = PBXFileReference; lastKnownFileType = sourcecode.swift; path = DataDetailsViewController.swift; sourceTree = "<group>"; };
		BFB1E18724AA730000D1E6DA /* DataTableViewCell.swift */ = {isa = PBXFileReference; lastKnownFileType = sourcecode.swift; path = DataTableViewCell.swift; sourceTree = "<group>"; };
		BFB1E18B24AA739F00D1E6DA /* APIService.swift */ = {isa = PBXFileReference; lastKnownFileType = sourcecode.swift; path = APIService.swift; sourceTree = "<group>"; };
		BFB1E18D24AA73AB00D1E6DA /* Constants.swift */ = {isa = PBXFileReference; lastKnownFileType = sourcecode.swift; path = Constants.swift; sourceTree = "<group>"; };
		BFB1E18F24AA73D000D1E6DA /* Extensions.swift */ = {isa = PBXFileReference; lastKnownFileType = sourcecode.swift; path = Extensions.swift; sourceTree = "<group>"; };
		BFC7840024BB3B1A00D27FCA /* ImageDataTableViewCell.swift */ = {isa = PBXFileReference; lastKnownFileType = sourcecode.swift; path = ImageDataTableViewCell.swift; sourceTree = "<group>"; };
		C16922E024AB884700DC9E2A /* ImageDetailsViewController.swift */ = {isa = PBXFileReference; lastKnownFileType = sourcecode.swift; path = ImageDetailsViewController.swift; sourceTree = "<group>"; };
		C16922E524AB8FA500DC9E2A /* RealmManager.swift */ = {isa = PBXFileReference; lastKnownFileType = sourcecode.swift; path = RealmManager.swift; sourceTree = "<group>"; };
		D4F62B14539EBD2D07F71AC9 /* Pods-MobileProject-MVVM.debug.xcconfig */ = {isa = PBXFileReference; includeInIndex = 1; lastKnownFileType = text.xcconfig; name = "Pods-MobileProject-MVVM.debug.xcconfig"; path = "Target Support Files/Pods-MobileProject-MVVM/Pods-MobileProject-MVVM.debug.xcconfig"; sourceTree = "<group>"; };
		E818F0E662A2A576920148DD /* Pods_MobileProject_MVVM.framework */ = {isa = PBXFileReference; explicitFileType = wrapper.framework; includeInIndex = 0; path = Pods_MobileProject_MVVM.framework; sourceTree = BUILT_PRODUCTS_DIR; };
		F9401BC9FE0F9E93AB91A384 /* Pods-MobileProject-MVVM-MobileProject-MVVMUITests.release.xcconfig */ = {isa = PBXFileReference; includeInIndex = 1; lastKnownFileType = text.xcconfig; name = "Pods-MobileProject-MVVM-MobileProject-MVVMUITests.release.xcconfig"; path = "Target Support Files/Pods-MobileProject-MVVM-MobileProject-MVVMUITests/Pods-MobileProject-MVVM-MobileProject-MVVMUITests.release.xcconfig"; sourceTree = "<group>"; };
/* End PBXFileReference section */

/* Begin PBXFrameworksBuildPhase section */
		BFB1E14724AA712000D1E6DA /* Frameworks */ = {
			isa = PBXFrameworksBuildPhase;
			buildActionMask = 2147483647;
			files = (
				BE1627E8608D72321F09EEFE /* Pods_MobileProject_MVVM.framework in Frameworks */,
			);
			runOnlyForDeploymentPostprocessing = 0;
		};
		BFB1E15D24AA712300D1E6DA /* Frameworks */ = {
			isa = PBXFrameworksBuildPhase;
			buildActionMask = 2147483647;
			files = (
				6EAB10640ED93B22A9E91625 /* Pods_MobileProject_MVVMTests.framework in Frameworks */,
			);
			runOnlyForDeploymentPostprocessing = 0;
		};
		BFB1E16824AA712300D1E6DA /* Frameworks */ = {
			isa = PBXFrameworksBuildPhase;
			buildActionMask = 2147483647;
			files = (
				ED5D3B9D84896D34FEB4CC57 /* Pods_MobileProject_MVVM_MobileProject_MVVMUITests.framework in Frameworks */,
			);
			runOnlyForDeploymentPostprocessing = 0;
		};
/* End PBXFrameworksBuildPhase section */

/* Begin PBXGroup section */
		347638E3F3404904A905F2EB /* Frameworks */ = {
			isa = PBXGroup;
			children = (
				E818F0E662A2A576920148DD /* Pods_MobileProject_MVVM.framework */,
				503B0886821DAF49477A09AD /* Pods_MobileProject_MVVM_MobileProject_MVVMUITests.framework */,
				85148266A4891FCA9AEA8D51 /* Pods_MobileProject_MVVMTests.framework */,
			);
			name = Frameworks;
			sourceTree = "<group>";
		};
		A26D44C63994A7735E888E27 /* Pods */ = {
			isa = PBXGroup;
			children = (
				D4F62B14539EBD2D07F71AC9 /* Pods-MobileProject-MVVM.debug.xcconfig */,
				AA0E4CBD8C38E8C735D8FBF8 /* Pods-MobileProject-MVVM.release.xcconfig */,
				1064DE351B6D1656A511A075 /* Pods-MobileProject-MVVM-MobileProject-MVVMUITests.debug.xcconfig */,
				F9401BC9FE0F9E93AB91A384 /* Pods-MobileProject-MVVM-MobileProject-MVVMUITests.release.xcconfig */,
				7BC3D4DA623D106C3C947760 /* Pods-MobileProject-MVVMTests.debug.xcconfig */,
				10365B83CB805D687225C8A3 /* Pods-MobileProject-MVVMTests.release.xcconfig */,
			);
			path = Pods;
			sourceTree = "<group>";
		};
		BFB1E14124AA712000D1E6DA = {
			isa = PBXGroup;
			children = (
				BFB1E14C24AA712000D1E6DA /* MobileProject-MVVM */,
				BFB1E16324AA712300D1E6DA /* MobileProject-MVVMTests */,
				BFB1E16E24AA712300D1E6DA /* MobileProject-MVVMUITests */,
				BFB1E14B24AA712000D1E6DA /* Products */,
				A26D44C63994A7735E888E27 /* Pods */,
				347638E3F3404904A905F2EB /* Frameworks */,
			);
			sourceTree = "<group>";
		};
		BFB1E14B24AA712000D1E6DA /* Products */ = {
			isa = PBXGroup;
			children = (
				BFB1E14A24AA712000D1E6DA /* MobileProject-MVVM.app */,
				BFB1E16024AA712300D1E6DA /* MobileProject-MVVMTests.xctest */,
				BFB1E16B24AA712300D1E6DA /* MobileProject-MVVMUITests.xctest */,
			);
			name = Products;
			sourceTree = "<group>";
		};
		BFB1E14C24AA712000D1E6DA /* MobileProject-MVVM */ = {
			isa = PBXGroup;
			children = (
				C16922E424AB8F8A00DC9E2A /* Realm */,
				BFB1E18A24AA738A00D1E6DA /* APIService */,
				BFB1E18924AA737A00D1E6DA /* Utilities */,
				BFB1E18024AA726300D1E6DA /* View */,
				BFB1E17F24AA725300D1E6DA /* ViewController */,
				BFB1E17E24AA724D00D1E6DA /* ViewModel */,
				BFB1E17D24AA724600D1E6DA /* Model */,
				BFB1E14D24AA712000D1E6DA /* AppDelegate.swift */,
				BFB1E14F24AA712000D1E6DA /* SceneDelegate.swift */,
				BFB1E15624AA712300D1E6DA /* Assets.xcassets */,
				BFB1E15B24AA712300D1E6DA /* Info.plist */,
			);
			path = "MobileProject-MVVM";
			sourceTree = "<group>";
		};
		BFB1E16324AA712300D1E6DA /* MobileProject-MVVMTests */ = {
			isa = PBXGroup;
			children = (
				BFB1E16424AA712300D1E6DA /* MobileProject_MVVMTests.swift */,
				BFB1E16624AA712300D1E6DA /* Info.plist */,
			);
			path = "MobileProject-MVVMTests";
			sourceTree = "<group>";
		};
		BFB1E16E24AA712300D1E6DA /* MobileProject-MVVMUITests */ = {
			isa = PBXGroup;
			children = (
				BFB1E16F24AA712300D1E6DA /* MobileProject_MVVMUITests.swift */,
				BFB1E17124AA712300D1E6DA /* Info.plist */,
			);
			path = "MobileProject-MVVMUITests";
			sourceTree = "<group>";
		};
		BFB1E17D24AA724600D1E6DA /* Model */ = {
			isa = PBXGroup;
			children = (
				BFB1E18124AA727F00D1E6DA /* DataModel.swift */,
			);
			path = Model;
			sourceTree = "<group>";
		};
		BFB1E17E24AA724D00D1E6DA /* ViewModel */ = {
			isa = PBXGroup;
			children = (
				BFB1E18324AA729800D1E6DA /* DataViewModel.swift */,
			);
			path = ViewModel;
			sourceTree = "<group>";
		};
		BFB1E17F24AA725300D1E6DA /* ViewController */ = {
			isa = PBXGroup;
			children = (
				BFB1E15124AA712000D1E6DA /* RootViewController.swift */,
				BFB1E18524AA72EF00D1E6DA /* DataDetailsViewController.swift */,
				C16922E024AB884700DC9E2A /* ImageDetailsViewController.swift */,
			);
			path = ViewController;
			sourceTree = "<group>";
		};
		BFB1E18024AA726300D1E6DA /* View */ = {
			isa = PBXGroup;
			children = (
				BFB1E18724AA730000D1E6DA /* DataTableViewCell.swift */,
				BFC7840024BB3B1A00D27FCA /* ImageDataTableViewCell.swift */,
			);
			path = View;
			sourceTree = "<group>";
		};
		BFB1E18924AA737A00D1E6DA /* Utilities */ = {
			isa = PBXGroup;
			children = (
				BFB1E18D24AA73AB00D1E6DA /* Constants.swift */,
				BFB1E18F24AA73D000D1E6DA /* Extensions.swift */,
			);
			path = Utilities;
			sourceTree = "<group>";
		};
		BFB1E18A24AA738A00D1E6DA /* APIService */ = {
			isa = PBXGroup;
			children = (
				BFB1E18B24AA739F00D1E6DA /* APIService.swift */,
			);
			path = APIService;
			sourceTree = "<group>";
		};
		C16922E424AB8F8A00DC9E2A /* Realm */ = {
			isa = PBXGroup;
			children = (
				C16922E524AB8FA500DC9E2A /* RealmManager.swift */,
			);
			path = Realm;
			sourceTree = "<group>";
		};
/* End PBXGroup section */

/* Begin PBXNativeTarget section */
		BFB1E14924AA712000D1E6DA /* MobileProject-MVVM */ = {
			isa = PBXNativeTarget;
			buildConfigurationList = BFB1E17424AA712300D1E6DA /* Build configuration list for PBXNativeTarget "MobileProject-MVVM" */;
			buildPhases = (
				2A40E1EC7771101765FF544A /* [CP] Check Pods Manifest.lock */,
				BFB1E14624AA712000D1E6DA /* Sources */,
				BFB1E14724AA712000D1E6DA /* Frameworks */,
				BFB1E14824AA712000D1E6DA /* Resources */,
				6C43E52FB3997446AE7F6087 /* [CP] Embed Pods Frameworks */,
			);
			buildRules = (
			);
			dependencies = (
			);
			name = "MobileProject-MVVM";
			productName = "MobileProject-MVVM";
			productReference = BFB1E14A24AA712000D1E6DA /* MobileProject-MVVM.app */;
			productType = "com.apple.product-type.application";
		};
		BFB1E15F24AA712300D1E6DA /* MobileProject-MVVMTests */ = {
			isa = PBXNativeTarget;
			buildConfigurationList = BFB1E17724AA712300D1E6DA /* Build configuration list for PBXNativeTarget "MobileProject-MVVMTests" */;
			buildPhases = (
				D50F831150EAEDA0CA2ADDD3 /* [CP] Check Pods Manifest.lock */,
				BFB1E15C24AA712300D1E6DA /* Sources */,
				BFB1E15D24AA712300D1E6DA /* Frameworks */,
				BFB1E15E24AA712300D1E6DA /* Resources */,
			);
			buildRules = (
			);
			dependencies = (
				BFB1E16224AA712300D1E6DA /* PBXTargetDependency */,
			);
			name = "MobileProject-MVVMTests";
			productName = "MobileProject-MVVMTests";
			productReference = BFB1E16024AA712300D1E6DA /* MobileProject-MVVMTests.xctest */;
			productType = "com.apple.product-type.bundle.unit-test";
		};
		BFB1E16A24AA712300D1E6DA /* MobileProject-MVVMUITests */ = {
			isa = PBXNativeTarget;
			buildConfigurationList = BFB1E17A24AA712300D1E6DA /* Build configuration list for PBXNativeTarget "MobileProject-MVVMUITests" */;
			buildPhases = (
				91AAFA1467690F13BBB3CC12 /* [CP] Check Pods Manifest.lock */,
				BFB1E16724AA712300D1E6DA /* Sources */,
				BFB1E16824AA712300D1E6DA /* Frameworks */,
				BFB1E16924AA712300D1E6DA /* Resources */,
				80911EF88F889F354FEC23D3 /* [CP] Embed Pods Frameworks */,
			);
			buildRules = (
			);
			dependencies = (
				BFB1E16D24AA712300D1E6DA /* PBXTargetDependency */,
			);
			name = "MobileProject-MVVMUITests";
			productName = "MobileProject-MVVMUITests";
			productReference = BFB1E16B24AA712300D1E6DA /* MobileProject-MVVMUITests.xctest */;
			productType = "com.apple.product-type.bundle.ui-testing";
		};
/* End PBXNativeTarget section */

/* Begin PBXProject section */
		BFB1E14224AA712000D1E6DA /* Project object */ = {
			isa = PBXProject;
			attributes = {
				LastSwiftUpdateCheck = 1150;
				LastUpgradeCheck = 1150;
				ORGANIZATIONNAME = "Pankaj Gaikar";
				TargetAttributes = {
					BFB1E14924AA712000D1E6DA = {
						CreatedOnToolsVersion = 11.5;
					};
					BFB1E15F24AA712300D1E6DA = {
						CreatedOnToolsVersion = 11.5;
						TestTargetID = BFB1E14924AA712000D1E6DA;
					};
					BFB1E16A24AA712300D1E6DA = {
						CreatedOnToolsVersion = 11.5;
						TestTargetID = BFB1E14924AA712000D1E6DA;
					};
				};
			};
			buildConfigurationList = BFB1E14524AA712000D1E6DA /* Build configuration list for PBXProject "MobileProject-MVVM" */;
			compatibilityVersion = "Xcode 9.3";
			developmentRegion = en;
			hasScannedForEncodings = 0;
			knownRegions = (
				en,
				Base,
			);
			mainGroup = BFB1E14124AA712000D1E6DA;
			productRefGroup = BFB1E14B24AA712000D1E6DA /* Products */;
			projectDirPath = "";
			projectRoot = "";
			targets = (
				BFB1E14924AA712000D1E6DA /* MobileProject-MVVM */,
				BFB1E15F24AA712300D1E6DA /* MobileProject-MVVMTests */,
				BFB1E16A24AA712300D1E6DA /* MobileProject-MVVMUITests */,
			);
		};
/* End PBXProject section */

/* Begin PBXResourcesBuildPhase section */
		BFB1E14824AA712000D1E6DA /* Resources */ = {
			isa = PBXResourcesBuildPhase;
			buildActionMask = 2147483647;
			files = (
				BFB1E15724AA712300D1E6DA /* Assets.xcassets in Resources */,
			);
			runOnlyForDeploymentPostprocessing = 0;
		};
		BFB1E15E24AA712300D1E6DA /* Resources */ = {
			isa = PBXResourcesBuildPhase;
			buildActionMask = 2147483647;
			files = (
			);
			runOnlyForDeploymentPostprocessing = 0;
		};
		BFB1E16924AA712300D1E6DA /* Resources */ = {
			isa = PBXResourcesBuildPhase;
			buildActionMask = 2147483647;
			files = (
			);
			runOnlyForDeploymentPostprocessing = 0;
		};
/* End PBXResourcesBuildPhase section */

/* Begin PBXShellScriptBuildPhase section */
		2A40E1EC7771101765FF544A /* [CP] Check Pods Manifest.lock */ = {
			isa = PBXShellScriptBuildPhase;
			buildActionMask = 2147483647;
			files = (
			);
			inputFileListPaths = (
			);
			inputPaths = (
				"${PODS_PODFILE_DIR_PATH}/Podfile.lock",
				"${PODS_ROOT}/Manifest.lock",
			);
			name = "[CP] Check Pods Manifest.lock";
			outputFileListPaths = (
			);
			outputPaths = (
				"$(DERIVED_FILE_DIR)/Pods-MobileProject-MVVM-checkManifestLockResult.txt",
			);
			runOnlyForDeploymentPostprocessing = 0;
			shellPath = /bin/sh;
			shellScript = "diff \"${PODS_PODFILE_DIR_PATH}/Podfile.lock\" \"${PODS_ROOT}/Manifest.lock\" > /dev/null\nif [ $? != 0 ] ; then\n    # print error to STDERR\n    echo \"error: The sandbox is not in sync with the Podfile.lock. Run 'pod install' or update your CocoaPods installation.\" >&2\n    exit 1\nfi\n# This output is used by Xcode 'outputs' to avoid re-running this script phase.\necho \"SUCCESS\" > \"${SCRIPT_OUTPUT_FILE_0}\"\n";
			showEnvVarsInLog = 0;
		};
		6C43E52FB3997446AE7F6087 /* [CP] Embed Pods Frameworks */ = {
			isa = PBXShellScriptBuildPhase;
			buildActionMask = 2147483647;
			files = (
			);
			inputFileListPaths = (
				"${PODS_ROOT}/Target Support Files/Pods-MobileProject-MVVM/Pods-MobileProject-MVVM-frameworks-${CONFIGURATION}-input-files.xcfilelist",
			);
			name = "[CP] Embed Pods Frameworks";
			outputFileListPaths = (
				"${PODS_ROOT}/Target Support Files/Pods-MobileProject-MVVM/Pods-MobileProject-MVVM-frameworks-${CONFIGURATION}-output-files.xcfilelist",
			);
			runOnlyForDeploymentPostprocessing = 0;
			shellPath = /bin/sh;
			shellScript = "\"${PODS_ROOT}/Target Support Files/Pods-MobileProject-MVVM/Pods-MobileProject-MVVM-frameworks.sh\"\n";
			showEnvVarsInLog = 0;
		};
		80911EF88F889F354FEC23D3 /* [CP] Embed Pods Frameworks */ = {
			isa = PBXShellScriptBuildPhase;
			buildActionMask = 2147483647;
			files = (
			);
			inputFileListPaths = (
				"${PODS_ROOT}/Target Support Files/Pods-MobileProject-MVVM-MobileProject-MVVMUITests/Pods-MobileProject-MVVM-MobileProject-MVVMUITests-frameworks-${CONFIGURATION}-input-files.xcfilelist",
			);
			name = "[CP] Embed Pods Frameworks";
			outputFileListPaths = (
				"${PODS_ROOT}/Target Support Files/Pods-MobileProject-MVVM-MobileProject-MVVMUITests/Pods-MobileProject-MVVM-MobileProject-MVVMUITests-frameworks-${CONFIGURATION}-output-files.xcfilelist",
			);
			runOnlyForDeploymentPostprocessing = 0;
			shellPath = /bin/sh;
			shellScript = "\"${PODS_ROOT}/Target Support Files/Pods-MobileProject-MVVM-MobileProject-MVVMUITests/Pods-MobileProject-MVVM-MobileProject-MVVMUITests-frameworks.sh\"\n";
			showEnvVarsInLog = 0;
		};
		91AAFA1467690F13BBB3CC12 /* [CP] Check Pods Manifest.lock */ = {
			isa = PBXShellScriptBuildPhase;
			buildActionMask = 2147483647;
			files = (
			);
			inputFileListPaths = (
			);
			inputPaths = (
				"${PODS_PODFILE_DIR_PATH}/Podfile.lock",
				"${PODS_ROOT}/Manifest.lock",
			);
			name = "[CP] Check Pods Manifest.lock";
			outputFileListPaths = (
			);
			outputPaths = (
				"$(DERIVED_FILE_DIR)/Pods-MobileProject-MVVM-MobileProject-MVVMUITests-checkManifestLockResult.txt",
			);
			runOnlyForDeploymentPostprocessing = 0;
			shellPath = /bin/sh;
			shellScript = "diff \"${PODS_PODFILE_DIR_PATH}/Podfile.lock\" \"${PODS_ROOT}/Manifest.lock\" > /dev/null\nif [ $? != 0 ] ; then\n    # print error to STDERR\n    echo \"error: The sandbox is not in sync with the Podfile.lock. Run 'pod install' or update your CocoaPods installation.\" >&2\n    exit 1\nfi\n# This output is used by Xcode 'outputs' to avoid re-running this script phase.\necho \"SUCCESS\" > \"${SCRIPT_OUTPUT_FILE_0}\"\n";
			showEnvVarsInLog = 0;
		};
		D50F831150EAEDA0CA2ADDD3 /* [CP] Check Pods Manifest.lock */ = {
			isa = PBXShellScriptBuildPhase;
			buildActionMask = 2147483647;
			files = (
			);
			inputFileListPaths = (
			);
			inputPaths = (
				"${PODS_PODFILE_DIR_PATH}/Podfile.lock",
				"${PODS_ROOT}/Manifest.lock",
			);
			name = "[CP] Check Pods Manifest.lock";
			outputFileListPaths = (
			);
			outputPaths = (
				"$(DERIVED_FILE_DIR)/Pods-MobileProject-MVVMTests-checkManifestLockResult.txt",
			);
			runOnlyForDeploymentPostprocessing = 0;
			shellPath = /bin/sh;
			shellScript = "diff \"${PODS_PODFILE_DIR_PATH}/Podfile.lock\" \"${PODS_ROOT}/Manifest.lock\" > /dev/null\nif [ $? != 0 ] ; then\n    # print error to STDERR\n    echo \"error: The sandbox is not in sync with the Podfile.lock. Run 'pod install' or update your CocoaPods installation.\" >&2\n    exit 1\nfi\n# This output is used by Xcode 'outputs' to avoid re-running this script phase.\necho \"SUCCESS\" > \"${SCRIPT_OUTPUT_FILE_0}\"\n";
			showEnvVarsInLog = 0;
		};
/* End PBXShellScriptBuildPhase section */

/* Begin PBXSourcesBuildPhase section */
		BFB1E14624AA712000D1E6DA /* Sources */ = {
			isa = PBXSourcesBuildPhase;
			buildActionMask = 2147483647;
			files = (
				C16922E624AB8FA500DC9E2A /* RealmManager.swift in Sources */,
				BFB1E15224AA712000D1E6DA /* RootViewController.swift in Sources */,
				BFB1E14E24AA712000D1E6DA /* AppDelegate.swift in Sources */,
				BFB1E15024AA712000D1E6DA /* SceneDelegate.swift in Sources */,
				BFB1E18224AA727F00D1E6DA /* DataModel.swift in Sources */,
				BFC7840124BB3B1A00D27FCA /* ImageDataTableViewCell.swift in Sources */,
				BFB1E18424AA729800D1E6DA /* DataViewModel.swift in Sources */,
				C16922E124AB884700DC9E2A /* ImageDetailsViewController.swift in Sources */,
				BFB1E19024AA73D000D1E6DA /* Extensions.swift in Sources */,
				BFB1E18824AA730000D1E6DA /* DataTableViewCell.swift in Sources */,
				BFB1E18C24AA739F00D1E6DA /* APIService.swift in Sources */,
				BFB1E18624AA72EF00D1E6DA /* DataDetailsViewController.swift in Sources */,
				BFB1E18E24AA73AB00D1E6DA /* Constants.swift in Sources */,
			);
			runOnlyForDeploymentPostprocessing = 0;
		};
		BFB1E15C24AA712300D1E6DA /* Sources */ = {
			isa = PBXSourcesBuildPhase;
			buildActionMask = 2147483647;
			files = (
				BFB1E16524AA712300D1E6DA /* MobileProject_MVVMTests.swift in Sources */,
			);
			runOnlyForDeploymentPostprocessing = 0;
		};
		BFB1E16724AA712300D1E6DA /* Sources */ = {
			isa = PBXSourcesBuildPhase;
			buildActionMask = 2147483647;
			files = (
				BFB1E17024AA712300D1E6DA /* MobileProject_MVVMUITests.swift in Sources */,
			);
			runOnlyForDeploymentPostprocessing = 0;
		};
/* End PBXSourcesBuildPhase section */

/* Begin PBXTargetDependency section */
		BFB1E16224AA712300D1E6DA /* PBXTargetDependency */ = {
			isa = PBXTargetDependency;
			target = BFB1E14924AA712000D1E6DA /* MobileProject-MVVM */;
			targetProxy = BFB1E16124AA712300D1E6DA /* PBXContainerItemProxy */;
		};
		BFB1E16D24AA712300D1E6DA /* PBXTargetDependency */ = {
			isa = PBXTargetDependency;
			target = BFB1E14924AA712000D1E6DA /* MobileProject-MVVM */;
			targetProxy = BFB1E16C24AA712300D1E6DA /* PBXContainerItemProxy */;
		};
/* End PBXTargetDependency section */

/* Begin XCBuildConfiguration section */
		BFB1E17224AA712300D1E6DA /* Debug */ = {
			isa = XCBuildConfiguration;
			buildSettings = {
				ALWAYS_SEARCH_USER_PATHS = NO;
				CLANG_ANALYZER_NONNULL = YES;
				CLANG_ANALYZER_NUMBER_OBJECT_CONVERSION = YES_AGGRESSIVE;
				CLANG_CXX_LANGUAGE_STANDARD = "gnu++14";
				CLANG_CXX_LIBRARY = "libc++";
				CLANG_ENABLE_MODULES = YES;
				CLANG_ENABLE_OBJC_ARC = YES;
				CLANG_ENABLE_OBJC_WEAK = YES;
				CLANG_WARN_BLOCK_CAPTURE_AUTORELEASING = YES;
				CLANG_WARN_BOOL_CONVERSION = YES;
				CLANG_WARN_COMMA = YES;
				CLANG_WARN_CONSTANT_CONVERSION = YES;
				CLANG_WARN_DEPRECATED_OBJC_IMPLEMENTATIONS = YES;
				CLANG_WARN_DIRECT_OBJC_ISA_USAGE = YES_ERROR;
				CLANG_WARN_DOCUMENTATION_COMMENTS = YES;
				CLANG_WARN_EMPTY_BODY = YES;
				CLANG_WARN_ENUM_CONVERSION = YES;
				CLANG_WARN_INFINITE_RECURSION = YES;
				CLANG_WARN_INT_CONVERSION = YES;
				CLANG_WARN_NON_LITERAL_NULL_CONVERSION = YES;
				CLANG_WARN_OBJC_IMPLICIT_RETAIN_SELF = YES;
				CLANG_WARN_OBJC_LITERAL_CONVERSION = YES;
				CLANG_WARN_OBJC_ROOT_CLASS = YES_ERROR;
				CLANG_WARN_RANGE_LOOP_ANALYSIS = YES;
				CLANG_WARN_STRICT_PROTOTYPES = YES;
				CLANG_WARN_SUSPICIOUS_MOVE = YES;
				CLANG_WARN_UNGUARDED_AVAILABILITY = YES_AGGRESSIVE;
				CLANG_WARN_UNREACHABLE_CODE = YES;
				CLANG_WARN__DUPLICATE_METHOD_MATCH = YES;
				COPY_PHASE_STRIP = NO;
				DEBUG_INFORMATION_FORMAT = dwarf;
				ENABLE_STRICT_OBJC_MSGSEND = YES;
				ENABLE_TESTABILITY = YES;
				GCC_C_LANGUAGE_STANDARD = gnu11;
				GCC_DYNAMIC_NO_PIC = NO;
				GCC_NO_COMMON_BLOCKS = YES;
				GCC_OPTIMIZATION_LEVEL = 0;
				GCC_PREPROCESSOR_DEFINITIONS = (
					"DEBUG=1",
					"$(inherited)",
				);
				GCC_WARN_64_TO_32_BIT_CONVERSION = YES;
				GCC_WARN_ABOUT_RETURN_TYPE = YES_ERROR;
				GCC_WARN_UNDECLARED_SELECTOR = YES;
				GCC_WARN_UNINITIALIZED_AUTOS = YES_AGGRESSIVE;
				GCC_WARN_UNUSED_FUNCTION = YES;
				GCC_WARN_UNUSED_VARIABLE = YES;
				IPHONEOS_DEPLOYMENT_TARGET = 13.5;
				MTL_ENABLE_DEBUG_INFO = INCLUDE_SOURCE;
				MTL_FAST_MATH = YES;
				ONLY_ACTIVE_ARCH = YES;
				SDKROOT = iphoneos;
				SWIFT_ACTIVE_COMPILATION_CONDITIONS = DEBUG;
				SWIFT_OPTIMIZATION_LEVEL = "-Onone";
			};
			name = Debug;
		};
		BFB1E17324AA712300D1E6DA /* Release */ = {
			isa = XCBuildConfiguration;
			buildSettings = {
				ALWAYS_SEARCH_USER_PATHS = NO;
				CLANG_ANALYZER_NONNULL = YES;
				CLANG_ANALYZER_NUMBER_OBJECT_CONVERSION = YES_AGGRESSIVE;
				CLANG_CXX_LANGUAGE_STANDARD = "gnu++14";
				CLANG_CXX_LIBRARY = "libc++";
				CLANG_ENABLE_MODULES = YES;
				CLANG_ENABLE_OBJC_ARC = YES;
				CLANG_ENABLE_OBJC_WEAK = YES;
				CLANG_WARN_BLOCK_CAPTURE_AUTORELEASING = YES;
				CLANG_WARN_BOOL_CONVERSION = YES;
				CLANG_WARN_COMMA = YES;
				CLANG_WARN_CONSTANT_CONVERSION = YES;
				CLANG_WARN_DEPRECATED_OBJC_IMPLEMENTATIONS = YES;
				CLANG_WARN_DIRECT_OBJC_ISA_USAGE = YES_ERROR;
				CLANG_WARN_DOCUMENTATION_COMMENTS = YES;
				CLANG_WARN_EMPTY_BODY = YES;
				CLANG_WARN_ENUM_CONVERSION = YES;
				CLANG_WARN_INFINITE_RECURSION = YES;
				CLANG_WARN_INT_CONVERSION = YES;
				CLANG_WARN_NON_LITERAL_NULL_CONVERSION = YES;
				CLANG_WARN_OBJC_IMPLICIT_RETAIN_SELF = YES;
				CLANG_WARN_OBJC_LITERAL_CONVERSION = YES;
				CLANG_WARN_OBJC_ROOT_CLASS = YES_ERROR;
				CLANG_WARN_RANGE_LOOP_ANALYSIS = YES;
				CLANG_WARN_STRICT_PROTOTYPES = YES;
				CLANG_WARN_SUSPICIOUS_MOVE = YES;
				CLANG_WARN_UNGUARDED_AVAILABILITY = YES_AGGRESSIVE;
				CLANG_WARN_UNREACHABLE_CODE = YES;
				CLANG_WARN__DUPLICATE_METHOD_MATCH = YES;
				COPY_PHASE_STRIP = NO;
				DEBUG_INFORMATION_FORMAT = "dwarf-with-dsym";
				ENABLE_NS_ASSERTIONS = NO;
				ENABLE_STRICT_OBJC_MSGSEND = YES;
				GCC_C_LANGUAGE_STANDARD = gnu11;
				GCC_NO_COMMON_BLOCKS = YES;
				GCC_WARN_64_TO_32_BIT_CONVERSION = YES;
				GCC_WARN_ABOUT_RETURN_TYPE = YES_ERROR;
				GCC_WARN_UNDECLARED_SELECTOR = YES;
				GCC_WARN_UNINITIALIZED_AUTOS = YES_AGGRESSIVE;
				GCC_WARN_UNUSED_FUNCTION = YES;
				GCC_WARN_UNUSED_VARIABLE = YES;
				IPHONEOS_DEPLOYMENT_TARGET = 13.5;
				MTL_ENABLE_DEBUG_INFO = NO;
				MTL_FAST_MATH = YES;
				SDKROOT = iphoneos;
				SWIFT_COMPILATION_MODE = wholemodule;
				SWIFT_OPTIMIZATION_LEVEL = "-O";
				VALIDATE_PRODUCT = YES;
			};
			name = Release;
		};
		BFB1E17524AA712300D1E6DA /* Debug */ = {
			isa = XCBuildConfiguration;
			baseConfigurationReference = D4F62B14539EBD2D07F71AC9 /* Pods-MobileProject-MVVM.debug.xcconfig */;
			buildSettings = {
				ASSETCATALOG_COMPILER_APPICON_NAME = AppIcon;
				CODE_SIGN_STYLE = Automatic;
				DEVELOPMENT_TEAM = A3H2F8CC68;
				INFOPLIST_FILE = "MobileProject-MVVM/Info.plist";
				LD_RUNPATH_SEARCH_PATHS = (
					"$(inherited)",
					"@executable_path/Frameworks",
				);
				PRODUCT_BUNDLE_IDENTIFIER = "com.pankajgaikar.MobileProject-MVVM";
				PRODUCT_NAME = "$(TARGET_NAME)";
				SWIFT_VERSION = 5.0;
				TARGETED_DEVICE_FAMILY = "1,2";
			};
			name = Debug;
		};
		BFB1E17624AA712300D1E6DA /* Release */ = {
			isa = XCBuildConfiguration;
			baseConfigurationReference = AA0E4CBD8C38E8C735D8FBF8 /* Pods-MobileProject-MVVM.release.xcconfig */;
			buildSettings = {
				ASSETCATALOG_COMPILER_APPICON_NAME = AppIcon;
				CODE_SIGN_STYLE = Automatic;
				DEVELOPMENT_TEAM = A3H2F8CC68;
				INFOPLIST_FILE = "MobileProject-MVVM/Info.plist";
				LD_RUNPATH_SEARCH_PATHS = (
					"$(inherited)",
					"@executable_path/Frameworks",
				);
				PRODUCT_BUNDLE_IDENTIFIER = "com.pankajgaikar.MobileProject-MVVM";
				PRODUCT_NAME = "$(TARGET_NAME)";
				SWIFT_VERSION = 5.0;
				TARGETED_DEVICE_FAMILY = "1,2";
			};
			name = Release;
		};
		BFB1E17824AA712300D1E6DA /* Debug */ = {
			isa = XCBuildConfiguration;
			baseConfigurationReference = 7BC3D4DA623D106C3C947760 /* Pods-MobileProject-MVVMTests.debug.xcconfig */;
			buildSettings = {
				ALWAYS_EMBED_SWIFT_STANDARD_LIBRARIES = YES;
				BUNDLE_LOADER = "$(TEST_HOST)";
				CODE_SIGN_STYLE = Automatic;
				DEVELOPMENT_TEAM = A3H2F8CC68;
				INFOPLIST_FILE = "MobileProject-MVVMTests/Info.plist";
				IPHONEOS_DEPLOYMENT_TARGET = 13.5;
				LD_RUNPATH_SEARCH_PATHS = (
					"$(inherited)",
					"@executable_path/Frameworks",
					"@loader_path/Frameworks",
				);
				PRODUCT_BUNDLE_IDENTIFIER = "com.pankajgaikar.MobileProject-MVVMTests";
				PRODUCT_NAME = "$(TARGET_NAME)";
				SWIFT_VERSION = 5.0;
				TARGETED_DEVICE_FAMILY = "1,2";
				TEST_HOST = "$(BUILT_PRODUCTS_DIR)/MobileProject-MVVM.app/MobileProject-MVVM";
			};
			name = Debug;
		};
		BFB1E17924AA712300D1E6DA /* Release */ = {
			isa = XCBuildConfiguration;
			baseConfigurationReference = 10365B83CB805D687225C8A3 /* Pods-MobileProject-MVVMTests.release.xcconfig */;
			buildSettings = {
				ALWAYS_EMBED_SWIFT_STANDARD_LIBRARIES = YES;
				BUNDLE_LOADER = "$(TEST_HOST)";
				CODE_SIGN_STYLE = Automatic;
				DEVELOPMENT_TEAM = A3H2F8CC68;
				INFOPLIST_FILE = "MobileProject-MVVMTests/Info.plist";
				IPHONEOS_DEPLOYMENT_TARGET = 13.5;
				LD_RUNPATH_SEARCH_PATHS = (
					"$(inherited)",
					"@executable_path/Frameworks",
					"@loader_path/Frameworks",
				);
				PRODUCT_BUNDLE_IDENTIFIER = "com.pankajgaikar.MobileProject-MVVMTests";
				PRODUCT_NAME = "$(TARGET_NAME)";
				SWIFT_VERSION = 5.0;
				TARGETED_DEVICE_FAMILY = "1,2";
				TEST_HOST = "$(BUILT_PRODUCTS_DIR)/MobileProject-MVVM.app/MobileProject-MVVM";
			};
			name = Release;
		};
		BFB1E17B24AA712300D1E6DA /* Debug */ = {
			isa = XCBuildConfiguration;
			baseConfigurationReference = 1064DE351B6D1656A511A075 /* Pods-MobileProject-MVVM-MobileProject-MVVMUITests.debug.xcconfig */;
			buildSettings = {
				ALWAYS_EMBED_SWIFT_STANDARD_LIBRARIES = YES;
				CODE_SIGN_STYLE = Automatic;
				DEVELOPMENT_TEAM = A3H2F8CC68;
				INFOPLIST_FILE = "MobileProject-MVVMUITests/Info.plist";
				LD_RUNPATH_SEARCH_PATHS = (
					"$(inherited)",
					"@executable_path/Frameworks",
					"@loader_path/Frameworks",
				);
				PRODUCT_BUNDLE_IDENTIFIER = "com.pankajgaikar.MobileProject-MVVMUITests";
				PRODUCT_NAME = "$(TARGET_NAME)";
				SWIFT_VERSION = 5.0;
				TARGETED_DEVICE_FAMILY = "1,2";
				TEST_TARGET_NAME = "MobileProject-MVVM";
			};
			name = Debug;
		};
		BFB1E17C24AA712300D1E6DA /* Release */ = {
			isa = XCBuildConfiguration;
			baseConfigurationReference = F9401BC9FE0F9E93AB91A384 /* Pods-MobileProject-MVVM-MobileProject-MVVMUITests.release.xcconfig */;
			buildSettings = {
				ALWAYS_EMBED_SWIFT_STANDARD_LIBRARIES = YES;
				CODE_SIGN_STYLE = Automatic;
				DEVELOPMENT_TEAM = A3H2F8CC68;
				INFOPLIST_FILE = "MobileProject-MVVMUITests/Info.plist";
				LD_RUNPATH_SEARCH_PATHS = (
					"$(inherited)",
					"@executable_path/Frameworks",
					"@loader_path/Frameworks",
				);
				PRODUCT_BUNDLE_IDENTIFIER = "com.pankajgaikar.MobileProject-MVVMUITests";
				PRODUCT_NAME = "$(TARGET_NAME)";
				SWIFT_VERSION = 5.0;
				TARGETED_DEVICE_FAMILY = "1,2";
				TEST_TARGET_NAME = "MobileProject-MVVM";
			};
			name = Release;
		};
/* End XCBuildConfiguration section */

/* Begin XCConfigurationList section */
		BFB1E14524AA712000D1E6DA /* Build configuration list for PBXProject "MobileProject-MVVM" */ = {
			isa = XCConfigurationList;
			buildConfigurations = (
				BFB1E17224AA712300D1E6DA /* Debug */,
				BFB1E17324AA712300D1E6DA /* Release */,
			);
			defaultConfigurationIsVisible = 0;
			defaultConfigurationName = Release;
		};
		BFB1E17424AA712300D1E6DA /* Build configuration list for PBXNativeTarget "MobileProject-MVVM" */ = {
			isa = XCConfigurationList;
			buildConfigurations = (
				BFB1E17524AA712300D1E6DA /* Debug */,
				BFB1E17624AA712300D1E6DA /* Release */,
			);
			defaultConfigurationIsVisible = 0;
			defaultConfigurationName = Release;
		};
		BFB1E17724AA712300D1E6DA /* Build configuration list for PBXNativeTarget "MobileProject-MVVMTests" */ = {
			isa = XCConfigurationList;
			buildConfigurations = (
				BFB1E17824AA712300D1E6DA /* Debug */,
				BFB1E17924AA712300D1E6DA /* Release */,
			);
			defaultConfigurationIsVisible = 0;
			defaultConfigurationName = Release;
		};
		BFB1E17A24AA712300D1E6DA /* Build configuration list for PBXNativeTarget "MobileProject-MVVMUITests" */ = {
			isa = XCConfigurationList;
			buildConfigurations = (
				BFB1E17B24AA712300D1E6DA /* Debug */,
				BFB1E17C24AA712300D1E6DA /* Release */,
			);
			defaultConfigurationIsVisible = 0;
			defaultConfigurationName = Release;
		};
/* End XCConfigurationList section */
	};
	rootObject = BFB1E14224AA712000D1E6DA /* Project object */;
}
